Microsoft Visual Studio Solution File, Format Version 12.00
# Visual Studio Version 16
VisualStudioVersion = 16.0.30804.86
MinimumVisualStudioVersion = 10.0.40219.1
Project("{9A19103F-16F7-4668-BE54-9A1E7A4F7556}") = "BybitAPI", "src\BybitAPI\BybitAPI.csproj", "{2FC808BF-158C-4579-AA6C-70D3FBF78CF0}"
EndProject
Project("{9A19103F-16F7-4668-BE54-9A1E7A4F7556}") = "BybitAPI.Test", "src\BybitAPI.Test\BybitAPI.Test.csproj", "{19F1DEBC-DE5E-4517-8062-F000CD499087}"
EndProject
Project("{9A19103F-16F7-4668-BE54-9A1E7A4F7556}") = "BybitAPI.IntegrationTest", "src\BybitAPI.IntegrationTest\BybitAPI.IntegrationTest.csproj", "{43604071-0197-4F30-BA1D-5B4D4A07A7AE}"
EndProject
Project("{2150E333-8FDC-42A3-9474-1A3956D46DE8}") = "Solution Items", "Solution Items", "{758E84BD-6935-4101-8389-5F5D5BF0E176}"
	ProjectSection(SolutionItems) = preProject
		.editorconfig = .editorconfig
	EndProjectSection
EndProject
Global
	GlobalSection(SolutionConfigurationPlatforms) = preSolution
		Debug|Any CPU = Debug|Any CPU
		Release|Any CPU = Release|Any CPU
	EndGlobalSection
	GlobalSection(ProjectConfigurationPlatforms) = postSolution
		{2FC808BF-158C-4579-AA6C-70D3FBF78CF0}.Debug|Any CPU.ActiveCfg = Debug|Any CPU
		{2FC808BF-158C-4579-AA6C-70D3FBF78CF0}.Debug|Any CPU.Build.0 = Debug|Any CPU
		{2FC808BF-158C-4579-AA6C-70D3FBF78CF0}.Release|Any CPU.ActiveCfg = Release|Any CPU
		{2FC808BF-158C-4579-AA6C-70D3FBF78CF0}.Release|Any CPU.Build.0 = Release|Any CPU
		{19F1DEBC-DE5E-4517-8062-F000CD499087}.Debug|Any CPU.ActiveCfg = Debug|Any CPU
		{19F1DEBC-DE5E-4517-8062-F000CD499087}.Debug|Any CPU.Build.0 = Debug|Any CPU
		{19F1DEBC-DE5E-4517-8062-F000CD499087}.Release|Any CPU.ActiveCfg = Release|Any CPU
		{19F1DEBC-DE5E-4517-8062-F000CD499087}.Release|Any CPU.Build.0 = Release|Any CPU
		{43604071-0197-4F30-BA1D-5B4D4A07A7AE}.Debug|Any CPU.ActiveCfg = Debug|Any CPU
		{43604071-0197-4F30-BA1D-5B4D4A07A7AE}.Debug|Any CPU.Build.0 = Debug|Any CPU
		{43604071-0197-4F30-BA1D-5B4D4A07A7AE}.Release|Any CPU.ActiveCfg = Release|Any CPU
		{43604071-0197-4F30-BA1D-5B4D4A07A7AE}.Release|Any CPU.Build.0 = Release|Any CPU
	EndGlobalSection
	GlobalSection(SolutionProperties) = preSolution
		HideSolutionNode = FALSE
	EndGlobalSection
	GlobalSection(ExtensibilityGlobals) = postSolution
		SolutionGuid = {9D1C5EA9-B38C-424B-87E5-8E088544DF92}
	EndGlobalSection
EndGlobal
